
Microsoft Visual Studio Solution File, Format Version 11.00
# Visual Studio 2010
Project("{FAE04EC0-301F-11D3-BF4B-00C04F79EFBC}") = "CatDash", "Assembly-CSharp-firstpass.csproj", "{96E9B927-1C93-426C-CA85-62083AF35811}"
EndProject
Project("{FAE04EC0-301F-11D3-BF4B-00C04F79EFBC}") = "CatDash", "Assembly-CSharp.csproj", "{7DA2206C-E9C8-6597-F6F8-358403B2E799}"
EndProject
Project("{FAE04EC0-301F-11D3-BF4B-00C04F79EFBC}") = "CatDash", "Assembly-CSharp-Editor-firstpass.csproj", "{A302EB68-F8C1-D25B-02E3-C127257CEB9D}"
EndProject
Global
	GlobalSection(SolutionConfigurationPlatforms) = preSolution
		Debug|Any CPU = Debug|Any CPU
		Release|Any CPU = Release|Any CPU
	EndGlobalSection
	GlobalSection(ProjectConfigurationPlatforms) = postSolution
		{96E9B927-1C93-426C-CA85-62083AF35811}.Debug|Any CPU.ActiveCfg = Debug|Any CPU
		{96E9B927-1C93-426C-CA85-62083AF35811}.Debug|Any CPU.Build.0 = Debug|Any CPU
		{96E9B927-1C93-426C-CA85-62083AF35811}.Release|Any CPU.ActiveCfg = Release|Any CPU
		{96E9B927-1C93-426C-CA85-62083AF35811}.Release|Any CPU.Build.0 = Release|Any CPU
		{7DA2206C-E9C8-6597-F6F8-358403B2E799}.Debug|Any CPU.ActiveCfg = Debug|Any CPU
		{7DA2206C-E9C8-6597-F6F8-358403B2E799}.Debug|Any CPU.Build.0 = Debug|Any CPU
		{7DA2206C-E9C8-6597-F6F8-358403B2E799}.Release|Any CPU.ActiveCfg = Release|Any CPU
		{7DA2206C-E9C8-6597-F6F8-358403B2E799}.Release|Any CPU.Build.0 = Release|Any CPU
		{A302EB68-F8C1-D25B-02E3-C127257CEB9D}.Debug|Any CPU.ActiveCfg = Debug|Any CPU
		{A302EB68-F8C1-D25B-02E3-C127257CEB9D}.Debug|Any CPU.Build.0 = Debug|Any CPU
		{A302EB68-F8C1-D25B-02E3-C127257CEB9D}.Release|Any CPU.ActiveCfg = Release|Any CPU
		{A302EB68-F8C1-D25B-02E3-C127257CEB9D}.Release|Any CPU.Build.0 = Release|Any CPU
	EndGlobalSection
	GlobalSection(SolutionProperties) = preSolution
		HideSolutionNode = FALSE
	EndGlobalSection
	GlobalSection(MonoDevelopProperties) = preSolution
		StartupItem = Assembly-CSharp.csproj
	EndGlobalSection
EndGlobal
